// !$*UTF8*$!
{
	archiveVersion = 1;
	classes = {
	};
	objectVersion = 56;
	objects = {

/* Begin PBXBuildFile section */
		CE30320F2B1B1856001B2F67 /* NavigationAppApp.swift in Sources */ = {isa = PBXBuildFile; fileRef = CE30320E2B1B1856001B2F67 /* NavigationAppApp.swift */; };
		CE3032112B1B1856001B2F67 /* ContentView.swift in Sources */ = {isa = PBXBuildFile; fileRef = CE3032102B1B1856001B2F67 /* ContentView.swift */; };
		CE3032132B1B185A001B2F67 /* Assets.xcassets in Resources */ = {isa = PBXBuildFile; fileRef = CE3032122B1B185A001B2F67 /* Assets.xcassets */; };
		CE3032162B1B185A001B2F67 /* Preview Assets.xcassets in Resources */ = {isa = PBXBuildFile; fileRef = CE3032152B1B185A001B2F67 /* Preview Assets.xcassets */; };
		CE30321F2B1B18A3001B2F67 /* NavigationProtocol.swift in Sources */ = {isa = PBXBuildFile; fileRef = CE30321E2B1B18A3001B2F67 /* NavigationProtocol.swift */; };
		CE3032232B1B19B9001B2F67 /* ViewModel.swift in Sources */ = {isa = PBXBuildFile; fileRef = CE3032222B1B19B9001B2F67 /* ViewModel.swift */; };
		CE3032262B1B19F4001B2F67 /* ScreenType.swift in Sources */ = {isa = PBXBuildFile; fileRef = CE3032252B1B19F4001B2F67 /* ScreenType.swift */; };
		CE3032282B1B1A87001B2F67 /* ProductFamily.swift in Sources */ = {isa = PBXBuildFile; fileRef = CE3032272B1B1A87001B2F67 /* ProductFamily.swift */; };
		CE30322A2B1B1B28001B2F67 /* iPhone.swift in Sources */ = {isa = PBXBuildFile; fileRef = CE3032292B1B1B28001B2F67 /* iPhone.swift */; };
		CE30322C2B1B1B59001B2F67 /* Watch.swift in Sources */ = {isa = PBXBuildFile; fileRef = CE30322B2B1B1B59001B2F67 /* Watch.swift */; };
		CE30322E2B1B1B8F001B2F67 /* Mac.swift in Sources */ = {isa = PBXBuildFile; fileRef = CE30322D2B1B1B8F001B2F67 /* Mac.swift */; };
		CE3032302B1B1BC2001B2F67 /* IPAD.swift in Sources */ = {isa = PBXBuildFile; fileRef = CE30322F2B1B1BC2001B2F67 /* IPAD.swift */; };
		CE3032322B1B1FBC001B2F67 /* Carrier.swift in Sources */ = {isa = PBXBuildFile; fileRef = CE3032312B1B1FBC001B2F67 /* Carrier.swift */; };
		CE3032342B1B1FCA001B2F67 /* TradeIn.swift in Sources */ = {isa = PBXBuildFile; fileRef = CE3032332B1B1FCA001B2F67 /* TradeIn.swift */; };
		CE3032362B1B1FD5001B2F67 /* AppleCare.swift in Sources */ = {isa = PBXBuildFile; fileRef = CE3032352B1B1FD5001B2F67 /* AppleCare.swift */; };
		CE3032382B1B1FE2001B2F67 /* WaysToPay.swift in Sources */ = {isa = PBXBuildFile; fileRef = CE3032372B1B1FE2001B2F67 /* WaysToPay.swift */; };
		CE30323A2B1B20A1001B2F67 /* FlowType.swift in Sources */ = {isa = PBXBuildFile; fileRef = CE3032392B1B20A1001B2F67 /* FlowType.swift */; };
		CE3032412B1B21B9001B2F67 /* CarrierDataSource.swift in Sources */ = {isa = PBXBuildFile; fileRef = CE3032402B1B21B9001B2F67 /* CarrierDataSource.swift */; };
		CE3032432B1B21CE001B2F67 /* TradeInDataSource.swift in Sources */ = {isa = PBXBuildFile; fileRef = CE3032422B1B21CE001B2F67 /* TradeInDataSource.swift */; };
		CE3032452B1B21E2001B2F67 /* AppleCareDataSource.swift in Sources */ = {isa = PBXBuildFile; fileRef = CE3032442B1B21E2001B2F67 /* AppleCareDataSource.swift */; };
		CE3032472B1B21F7001B2F67 /* WaysToPayDataSource.swift in Sources */ = {isa = PBXBuildFile; fileRef = CE3032462B1B21F7001B2F67 /* WaysToPayDataSource.swift */; };
		CE30324A2B1B2226001B2F67 /* CarrierRouter.swift in Sources */ = {isa = PBXBuildFile; fileRef = CE3032492B1B2226001B2F67 /* CarrierRouter.swift */; };
		CE30324C2B1B2232001B2F67 /* TradeInRouter.swift in Sources */ = {isa = PBXBuildFile; fileRef = CE30324B2B1B2232001B2F67 /* TradeInRouter.swift */; };
		CE30324E2B1B223D001B2F67 /* AppleCareRouter.swift in Sources */ = {isa = PBXBuildFile; fileRef = CE30324D2B1B223D001B2F67 /* AppleCareRouter.swift */; };
		CE3032502B1B2245001B2F67 /* WaysToPayRouter.swift in Sources */ = {isa = PBXBuildFile; fileRef = CE30324F2B1B2245001B2F67 /* WaysToPayRouter.swift */; };
		CE3032532B1B3355001B2F67 /* CarrierView.swift in Sources */ = {isa = PBXBuildFile; fileRef = CE3032522B1B3355001B2F67 /* CarrierView.swift */; };
		CE3032552B1B3361001B2F67 /* TradeInView.swift in Sources */ = {isa = PBXBuildFile; fileRef = CE3032542B1B3361001B2F67 /* TradeInView.swift */; };
		CE3032572B1B336E001B2F67 /* AppleCareView.swift in Sources */ = {isa = PBXBuildFile; fileRef = CE3032562B1B336E001B2F67 /* AppleCareView.swift */; };
		CE3032592B1B337A001B2F67 /* WaysToPayView.swift in Sources */ = {isa = PBXBuildFile; fileRef = CE3032582B1B337A001B2F67 /* WaysToPayView.swift */; };
/* End PBXBuildFile section */

/* Begin PBXFileReference section */
		CE30320B2B1B1856001B2F67 /* NavigationApp.app */ = {isa = PBXFileReference; explicitFileType = wrapper.application; includeInIndex = 0; path = NavigationApp.app; sourceTree = BUILT_PRODUCTS_DIR; };
		CE30320E2B1B1856001B2F67 /* NavigationAppApp.swift */ = {isa = PBXFileReference; lastKnownFileType = sourcecode.swift; path = NavigationAppApp.swift; sourceTree = "<group>"; };
		CE3032102B1B1856001B2F67 /* ContentView.swift */ = {isa = PBXFileReference; lastKnownFileType = sourcecode.swift; path = ContentView.swift; sourceTree = "<group>"; };
		CE3032122B1B185A001B2F67 /* Assets.xcassets */ = {isa = PBXFileReference; lastKnownFileType = folder.assetcatalog; path = Assets.xcassets; sourceTree = "<group>"; };
		CE3032152B1B185A001B2F67 /* Preview Assets.xcassets */ = {isa = PBXFileReference; lastKnownFileType = folder.assetcatalog; path = "Preview Assets.xcassets"; sourceTree = "<group>"; };
		CE30321E2B1B18A3001B2F67 /* NavigationProtocol.swift */ = {isa = PBXFileReference; lastKnownFileType = sourcecode.swift; path = NavigationProtocol.swift; sourceTree = "<group>"; };
		CE3032222B1B19B9001B2F67 /* ViewModel.swift */ = {isa = PBXFileReference; lastKnownFileType = sourcecode.swift; path = ViewModel.swift; sourceTree = "<group>"; };
		CE3032252B1B19F4001B2F67 /* ScreenType.swift */ = {isa = PBXFileReference; lastKnownFileType = sourcecode.swift; path = ScreenType.swift; sourceTree = "<group>"; };
		CE3032272B1B1A87001B2F67 /* ProductFamily.swift */ = {isa = PBXFileReference; lastKnownFileType = sourcecode.swift; path = ProductFamily.swift; sourceTree = "<group>"; };
		CE3032292B1B1B28001B2F67 /* iPhone.swift */ = {isa = PBXFileReference; lastKnownFileType = sourcecode.swift; path = iPhone.swift; sourceTree = "<group>"; };
		CE30322B2B1B1B59001B2F67 /* Watch.swift */ = {isa = PBXFileReference; lastKnownFileType = sourcecode.swift; path = Watch.swift; sourceTree = "<group>"; };
		CE30322D2B1B1B8F001B2F67 /* Mac.swift */ = {isa = PBXFileReference; lastKnownFileType = sourcecode.swift; path = Mac.swift; sourceTree = "<group>"; };
		CE30322F2B1B1BC2001B2F67 /* IPAD.swift */ = {isa = PBXFileReference; lastKnownFileType = sourcecode.swift; path = IPAD.swift; sourceTree = "<group>"; };
		CE3032312B1B1FBC001B2F67 /* Carrier.swift */ = {isa = PBXFileReference; lastKnownFileType = sourcecode.swift; path = Carrier.swift; sourceTree = "<group>"; };
		CE3032332B1B1FCA001B2F67 /* TradeIn.swift */ = {isa = PBXFileReference; lastKnownFileType = sourcecode.swift; path = TradeIn.swift; sourceTree = "<group>"; };
		CE3032352B1B1FD5001B2F67 /* AppleCare.swift */ = {isa = PBXFileReference; lastKnownFileType = sourcecode.swift; path = AppleCare.swift; sourceTree = "<group>"; };
		CE3032372B1B1FE2001B2F67 /* WaysToPay.swift */ = {isa = PBXFileReference; lastKnownFileType = sourcecode.swift; path = WaysToPay.swift; sourceTree = "<group>"; };
		CE3032392B1B20A1001B2F67 /* FlowType.swift */ = {isa = PBXFileReference; lastKnownFileType = sourcecode.swift; path = FlowType.swift; sourceTree = "<group>"; };
		CE3032402B1B21B9001B2F67 /* CarrierDataSource.swift */ = {isa = PBXFileReference; lastKnownFileType = sourcecode.swift; path = CarrierDataSource.swift; sourceTree = "<group>"; };
		CE3032422B1B21CE001B2F67 /* TradeInDataSource.swift */ = {isa = PBXFileReference; lastKnownFileType = sourcecode.swift; path = TradeInDataSource.swift; sourceTree = "<group>"; };
		CE3032442B1B21E2001B2F67 /* AppleCareDataSource.swift */ = {isa = PBXFileReference; lastKnownFileType = sourcecode.swift; path = AppleCareDataSource.swift; sourceTree = "<group>"; };
		CE3032462B1B21F7001B2F67 /* WaysToPayDataSource.swift */ = {isa = PBXFileReference; lastKnownFileType = sourcecode.swift; path = WaysToPayDataSource.swift; sourceTree = "<group>"; };
		CE3032492B1B2226001B2F67 /* CarrierRouter.swift */ = {isa = PBXFileReference; lastKnownFileType = sourcecode.swift; path = CarrierRouter.swift; sourceTree = "<group>"; };
		CE30324B2B1B2232001B2F67 /* TradeInRouter.swift */ = {isa = PBXFileReference; lastKnownFileType = sourcecode.swift; path = TradeInRouter.swift; sourceTree = "<group>"; };
		CE30324D2B1B223D001B2F67 /* AppleCareRouter.swift */ = {isa = PBXFileReference; lastKnownFileType = sourcecode.swift; path = AppleCareRouter.swift; sourceTree = "<group>"; };
		CE30324F2B1B2245001B2F67 /* WaysToPayRouter.swift */ = {isa = PBXFileReference; lastKnownFileType = sourcecode.swift; path = WaysToPayRouter.swift; sourceTree = "<group>"; };
		CE3032522B1B3355001B2F67 /* CarrierView.swift */ = {isa = PBXFileReference; lastKnownFileType = sourcecode.swift; path = CarrierView.swift; sourceTree = "<group>"; };
		CE3032542B1B3361001B2F67 /* TradeInView.swift */ = {isa = PBXFileReference; lastKnownFileType = sourcecode.swift; path = TradeInView.swift; sourceTree = "<group>"; };
		CE3032562B1B336E001B2F67 /* AppleCareView.swift */ = {isa = PBXFileReference; lastKnownFileType = sourcecode.swift; path = AppleCareView.swift; sourceTree = "<group>"; };
		CE3032582B1B337A001B2F67 /* WaysToPayView.swift */ = {isa = PBXFileReference; lastKnownFileType = sourcecode.swift; path = WaysToPayView.swift; sourceTree = "<group>"; };
/* End PBXFileReference section */

/* Begin PBXFrameworksBuildPhase section */
		CE3032082B1B1856001B2F67 /* Frameworks */ = {
			isa = PBXFrameworksBuildPhase;
			buildActionMask = 2147483647;
			files = (
			);
			runOnlyForDeploymentPostprocessing = 0;
		};
/* End PBXFrameworksBuildPhase section */

/* Begin PBXGroup section */
		CE3032022B1B1856001B2F67 = {
			isa = PBXGroup;
			children = (
				CE30320D2B1B1856001B2F67 /* NavigationApp */,
				CE30320C2B1B1856001B2F67 /* Products */,
			);
			sourceTree = "<group>";
		};
		CE30320C2B1B1856001B2F67 /* Products */ = {
			isa = PBXGroup;
			children = (
				CE30320B2B1B1856001B2F67 /* NavigationApp.app */,
			);
			name = Products;
			sourceTree = "<group>";
		};
		CE30320D2B1B1856001B2F67 /* NavigationApp */ = {
			isa = PBXGroup;
			children = (
				CE3032512B1B3338001B2F67 /* Views */,
				CE30321C2B1B186F001B2F67 /* View Model */,
				CE3032242B1B19DF001B2F67 /* Models */,
				CE30321D2B1B188B001B2F67 /* Protocols */,
				CE30325A2B1B4438001B2F67 /* Resources */,
				CE3032142B1B185A001B2F67 /* Preview Content */,
			);
			path = NavigationApp;
			sourceTree = "<group>";
		};
		CE3032142B1B185A001B2F67 /* Preview Content */ = {
			isa = PBXGroup;
			children = (
				CE3032152B1B185A001B2F67 /* Preview Assets.xcassets */,
			);
			path = "Preview Content";
			sourceTree = "<group>";
		};
		CE30321C2B1B186F001B2F67 /* View Model */ = {
			isa = PBXGroup;
			children = (
				CE3032222B1B19B9001B2F67 /* ViewModel.swift */,
			);
			path = "View Model";
			sourceTree = "<group>";
		};
		CE30321D2B1B188B001B2F67 /* Protocols */ = {
			isa = PBXGroup;
			children = (
				CE30321E2B1B18A3001B2F67 /* NavigationProtocol.swift */,
			);
			path = Protocols;
			sourceTree = "<group>";
		};
		CE3032242B1B19DF001B2F67 /* Models */ = {
			isa = PBXGroup;
			children = (
				CE3032482B1B2212001B2F67 /* Routers */,
				CE30323E2B1B2196001B2F67 /* Datasource */,
				CE30323B2B1B2162001B2F67 /* Enum */,
				CE30323C2B1B2170001B2F67 /* Products */,
				CE30323D2B1B2186001B2F67 /* Flows */,
			);
			path = Models;
			sourceTree = "<group>";
		};
		CE30323B2B1B2162001B2F67 /* Enum */ = {
			isa = PBXGroup;
			children = (
				CE3032252B1B19F4001B2F67 /* ScreenType.swift */,
				CE3032392B1B20A1001B2F67 /* FlowType.swift */,
				CE3032272B1B1A87001B2F67 /* ProductFamily.swift */,
			);
			path = Enum;
			sourceTree = "<group>";
		};
		CE30323C2B1B2170001B2F67 /* Products */ = {
			isa = PBXGroup;
			children = (
				CE3032292B1B1B28001B2F67 /* iPhone.swift */,
				CE30322B2B1B1B59001B2F67 /* Watch.swift */,
				CE30322D2B1B1B8F001B2F67 /* Mac.swift */,
				CE30322F2B1B1BC2001B2F67 /* IPAD.swift */,
			);
			path = Products;
			sourceTree = "<group>";
		};
		CE30323D2B1B2186001B2F67 /* Flows */ = {
			isa = PBXGroup;
			children = (
				CE3032312B1B1FBC001B2F67 /* Carrier.swift */,
				CE3032332B1B1FCA001B2F67 /* TradeIn.swift */,
				CE3032352B1B1FD5001B2F67 /* AppleCare.swift */,
				CE3032372B1B1FE2001B2F67 /* WaysToPay.swift */,
			);
			path = Flows;
			sourceTree = "<group>";
		};
		CE30323E2B1B2196001B2F67 /* Datasource */ = {
			isa = PBXGroup;
			children = (
				CE3032402B1B21B9001B2F67 /* CarrierDataSource.swift */,
				CE3032422B1B21CE001B2F67 /* TradeInDataSource.swift */,
				CE3032442B1B21E2001B2F67 /* AppleCareDataSource.swift */,
				CE3032462B1B21F7001B2F67 /* WaysToPayDataSource.swift */,
			);
			path = Datasource;
			sourceTree = "<group>";
		};
		CE3032482B1B2212001B2F67 /* Routers */ = {
			isa = PBXGroup;
			children = (
				CE3032492B1B2226001B2F67 /* CarrierRouter.swift */,
				CE30324B2B1B2232001B2F67 /* TradeInRouter.swift */,
				CE30324D2B1B223D001B2F67 /* AppleCareRouter.swift */,
				CE30324F2B1B2245001B2F67 /* WaysToPayRouter.swift */,
			);
			path = Routers;
			sourceTree = "<group>";
		};
		CE3032512B1B3338001B2F67 /* Views */ = {
			isa = PBXGroup;
			children = (
				CE3032102B1B1856001B2F67 /* ContentView.swift */,
				CE3032522B1B3355001B2F67 /* CarrierView.swift */,
				CE3032542B1B3361001B2F67 /* TradeInView.swift */,
				CE3032562B1B336E001B2F67 /* AppleCareView.swift */,
				CE3032582B1B337A001B2F67 /* WaysToPayView.swift */,
			);
			path = Views;
			sourceTree = "<group>";
		};
		CE30325A2B1B4438001B2F67 /* Resources */ = {
			isa = PBXGroup;
			children = (
				CE30320E2B1B1856001B2F67 /* NavigationAppApp.swift */,
				CE3032122B1B185A001B2F67 /* Assets.xcassets */,
			);
			path = Resources;
			sourceTree = "<group>";
		};
/* End PBXGroup section */

/* Begin PBXNativeTarget section */
		CE30320A2B1B1856001B2F67 /* NavigationApp */ = {
			isa = PBXNativeTarget;
			buildConfigurationList = CE3032192B1B185A001B2F67 /* Build configuration list for PBXNativeTarget "NavigationApp" */;
			buildPhases = (
				CE3032072B1B1856001B2F67 /* Sources */,
				CE3032082B1B1856001B2F67 /* Frameworks */,
				CE3032092B1B1856001B2F67 /* Resources */,
			);
			buildRules = (
			);
			dependencies = (
			);
			name = NavigationApp;
			productName = NavigationApp;
			productReference = CE30320B2B1B1856001B2F67 /* NavigationApp.app */;
			productType = "com.apple.product-type.application";
		};
/* End PBXNativeTarget section */

/* Begin PBXProject section */
		CE3032032B1B1856001B2F67 /* Project object */ = {
			isa = PBXProject;
			attributes = {
				BuildIndependentTargetsInParallel = 1;
				LastSwiftUpdateCheck = 1500;
				LastUpgradeCheck = 1500;
				TargetAttributes = {
					CE30320A2B1B1856001B2F67 = {
						CreatedOnToolsVersion = 15.0.1;
					};
				};
			};
			buildConfigurationList = CE3032062B1B1856001B2F67 /* Build configuration list for PBXProject "NavigationApp" */;
			compatibilityVersion = "Xcode 14.0";
			developmentRegion = en;
			hasScannedForEncodings = 0;
			knownRegions = (
				en,
				Base,
			);
			mainGroup = CE3032022B1B1856001B2F67;
			productRefGroup = CE30320C2B1B1856001B2F67 /* Products */;
			projectDirPath = "";
			projectRoot = "";
			targets = (
				CE30320A2B1B1856001B2F67 /* NavigationApp */,
			);
		};
/* End PBXProject section */

/* Begin PBXResourcesBuildPhase section */
		CE3032092B1B1856001B2F67 /* Resources */ = {
			isa = PBXResourcesBuildPhase;
			buildActionMask = 2147483647;
			files = (
				CE3032162B1B185A001B2F67 /* Preview Assets.xcassets in Resources */,
				CE3032132B1B185A001B2F67 /* Assets.xcassets in Resources */,
			);
			runOnlyForDeploymentPostprocessing = 0;
		};
/* End PBXResourcesBuildPhase section */

/* Begin PBXSourcesBuildPhase section */
		CE3032072B1B1856001B2F67 /* Sources */ = {
			isa = PBXSourcesBuildPhase;
			buildActionMask = 2147483647;
			files = (
				CE30324A2B1B2226001B2F67 /* CarrierRouter.swift in Sources */,
				CE3032572B1B336E001B2F67 /* AppleCareView.swift in Sources */,
				CE3032322B1B1FBC001B2F67 /* Carrier.swift in Sources */,
				CE30324C2B1B2232001B2F67 /* TradeInRouter.swift in Sources */,
				CE3032452B1B21E2001B2F67 /* AppleCareDataSource.swift in Sources */,
				CE30324E2B1B223D001B2F67 /* AppleCareRouter.swift in Sources */,
				CE3032592B1B337A001B2F67 /* WaysToPayView.swift in Sources */,
				CE3032302B1B1BC2001B2F67 /* IPAD.swift in Sources */,
				CE3032232B1B19B9001B2F67 /* ViewModel.swift in Sources */,
				CE3032472B1B21F7001B2F67 /* WaysToPayDataSource.swift in Sources */,
				CE30323A2B1B20A1001B2F67 /* FlowType.swift in Sources */,
				CE3032262B1B19F4001B2F67 /* ScreenType.swift in Sources */,
				CE3032412B1B21B9001B2F67 /* CarrierDataSource.swift in Sources */,
				CE30322A2B1B1B28001B2F67 /* iPhone.swift in Sources */,
				CE3032552B1B3361001B2F67 /* TradeInView.swift in Sources */,
				CE3032362B1B1FD5001B2F67 /* AppleCare.swift in Sources */,
				CE30321F2B1B18A3001B2F67 /* NavigationProtocol.swift in Sources */,
				CE3032282B1B1A87001B2F67 /* ProductFamily.swift in Sources */,
				CE3032342B1B1FCA001B2F67 /* TradeIn.swift in Sources */,
				CE3032532B1B3355001B2F67 /* CarrierView.swift in Sources */,
				CE30322E2B1B1B8F001B2F67 /* Mac.swift in Sources */,
				CE3032502B1B2245001B2F67 /* WaysToPayRouter.swift in Sources */,
				CE3032112B1B1856001B2F67 /* ContentView.swift in Sources */,
				CE3032432B1B21CE001B2F67 /* TradeInDataSource.swift in Sources */,
				CE30322C2B1B1B59001B2F67 /* Watch.swift in Sources */,
				CE30320F2B1B1856001B2F67 /* NavigationAppApp.swift in Sources */,
				CE3032382B1B1FE2001B2F67 /* WaysToPay.swift in Sources */,
			);
			runOnlyForDeploymentPostprocessing = 0;
		};
/* End PBXSourcesBuildPhase section */

/* Begin XCBuildConfiguration section */
		CE3032172B1B185A001B2F67 /* Debug */ = {
			isa = XCBuildConfiguration;
			buildSettings = {
				ALWAYS_SEARCH_USER_PATHS = NO;
				ASSETCATALOG_COMPILER_GENERATE_SWIFT_ASSET_SYMBOL_EXTENSIONS = YES;
				CLANG_ANALYZER_NONNULL = YES;
				CLANG_ANALYZER_NUMBER_OBJECT_CONVERSION = YES_AGGRESSIVE;
				CLANG_CXX_LANGUAGE_STANDARD = "gnu++20";
				CLANG_ENABLE_MODULES = YES;
				CLANG_ENABLE_OBJC_ARC = YES;
				CLANG_ENABLE_OBJC_WEAK = YES;
				CLANG_WARN_BLOCK_CAPTURE_AUTORELEASING = YES;
				CLANG_WARN_BOOL_CONVERSION = YES;
				CLANG_WARN_COMMA = YES;
				CLANG_WARN_CONSTANT_CONVERSION = YES;
				CLANG_WARN_DEPRECATED_OBJC_IMPLEMENTATIONS = YES;
				CLANG_WARN_DIRECT_OBJC_ISA_USAGE = YES_ERROR;
				CLANG_WARN_DOCUMENTATION_COMMENTS = YES;
				CLANG_WARN_EMPTY_BODY = YES;
				CLANG_WARN_ENUM_CONVERSION = YES;
				CLANG_WARN_INFINITE_RECURSION = YES;
				CLANG_WARN_INT_CONVERSION = YES;
				CLANG_WARN_NON_LITERAL_NULL_CONVERSION = YES;
				CLANG_WARN_OBJC_IMPLICIT_RETAIN_SELF = YES;
				CLANG_WARN_OBJC_LITERAL_CONVERSION = YES;
				CLANG_WARN_OBJC_ROOT_CLASS = YES_ERROR;
				CLANG_WARN_QUOTED_INCLUDE_IN_FRAMEWORK_HEADER = YES;
				CLANG_WARN_RANGE_LOOP_ANALYSIS = YES;
				CLANG_WARN_STRICT_PROTOTYPES = YES;
				CLANG_WARN_SUSPICIOUS_MOVE = YES;
				CLANG_WARN_UNGUARDED_AVAILABILITY = YES_AGGRESSIVE;
				CLANG_WARN_UNREACHABLE_CODE = YES;
				CLANG_WARN__DUPLICATE_METHOD_MATCH = YES;
				COPY_PHASE_STRIP = NO;
				DEBUG_INFORMATION_FORMAT = dwarf;
				ENABLE_STRICT_OBJC_MSGSEND = YES;
				ENABLE_TESTABILITY = YES;
				ENABLE_USER_SCRIPT_SANDBOXING = YES;
				GCC_C_LANGUAGE_STANDARD = gnu17;
				GCC_DYNAMIC_NO_PIC = NO;
				GCC_NO_COMMON_BLOCKS = YES;
				GCC_OPTIMIZATION_LEVEL = 0;
				GCC_PREPROCESSOR_DEFINITIONS = (
					"DEBUG=1",
					"$(inherited)",
				);
				GCC_WARN_64_TO_32_BIT_CONVERSION = YES;
				GCC_WARN_ABOUT_RETURN_TYPE = YES_ERROR;
				GCC_WARN_UNDECLARED_SELECTOR = YES;
				GCC_WARN_UNINITIALIZED_AUTOS = YES_AGGRESSIVE;
				GCC_WARN_UNUSED_FUNCTION = YES;
				GCC_WARN_UNUSED_VARIABLE = YES;
				IPHONEOS_DEPLOYMENT_TARGET = 17.0;
				LOCALIZATION_PREFERS_STRING_CATALOGS = YES;
				MTL_ENABLE_DEBUG_INFO = INCLUDE_SOURCE;
				MTL_FAST_MATH = YES;
				ONLY_ACTIVE_ARCH = YES;
				SDKROOT = iphoneos;
				SWIFT_ACTIVE_COMPILATION_CONDITIONS = "DEBUG $(inherited)";
				SWIFT_OPTIMIZATION_LEVEL = "-Onone";
			};
			name = Debug;
		};
		CE3032182B1B185A001B2F67 /* Release */ = {
			isa = XCBuildConfiguration;
			buildSettings = {
				ALWAYS_SEARCH_USER_PATHS = NO;
				ASSETCATALOG_COMPILER_GENERATE_SWIFT_ASSET_SYMBOL_EXTENSIONS = YES;
				CLANG_ANALYZER_NONNULL = YES;
				CLANG_ANALYZER_NUMBER_OBJECT_CONVERSION = YES_AGGRESSIVE;
				CLANG_CXX_LANGUAGE_STANDARD = "gnu++20";
				CLANG_ENABLE_MODULES = YES;
				CLANG_ENABLE_OBJC_ARC = YES;
				CLANG_ENABLE_OBJC_WEAK = YES;
				CLANG_WARN_BLOCK_CAPTURE_AUTORELEASING = YES;
				CLANG_WARN_BOOL_CONVERSION = YES;
				CLANG_WARN_COMMA = YES;
				CLANG_WARN_CONSTANT_CONVERSION = YES;
				CLANG_WARN_DEPRECATED_OBJC_IMPLEMENTATIONS = YES;
				CLANG_WARN_DIRECT_OBJC_ISA_USAGE = YES_ERROR;
				CLANG_WARN_DOCUMENTATION_COMMENTS = YES;
				CLANG_WARN_EMPTY_BODY = YES;
				CLANG_WARN_ENUM_CONVERSION = YES;
				CLANG_WARN_INFINITE_RECURSION = YES;
				CLANG_WARN_INT_CONVERSION = YES;
				CLANG_WARN_NON_LITERAL_NULL_CONVERSION = YES;
				CLANG_WARN_OBJC_IMPLICIT_RETAIN_SELF = YES;
				CLANG_WARN_OBJC_LITERAL_CONVERSION = YES;
				CLANG_WARN_OBJC_ROOT_CLASS = YES_ERROR;
				CLANG_WARN_QUOTED_INCLUDE_IN_FRAMEWORK_HEADER = YES;
				CLANG_WARN_RANGE_LOOP_ANALYSIS = YES;
				CLANG_WARN_STRICT_PROTOTYPES = YES;
				CLANG_WARN_SUSPICIOUS_MOVE = YES;
				CLANG_WARN_UNGUARDED_AVAILABILITY = YES_AGGRESSIVE;
				CLANG_WARN_UNREACHABLE_CODE = YES;
				CLANG_WARN__DUPLICATE_METHOD_MATCH = YES;
				COPY_PHASE_STRIP = NO;
				DEBUG_INFORMATION_FORMAT = "dwarf-with-dsym";
				ENABLE_NS_ASSERTIONS = NO;
				ENABLE_STRICT_OBJC_MSGSEND = YES;
				ENABLE_USER_SCRIPT_SANDBOXING = YES;
				GCC_C_LANGUAGE_STANDARD = gnu17;
				GCC_NO_COMMON_BLOCKS = YES;
				GCC_WARN_64_TO_32_BIT_CONVERSION = YES;
				GCC_WARN_ABOUT_RETURN_TYPE = YES_ERROR;
				GCC_WARN_UNDECLARED_SELECTOR = YES;
				GCC_WARN_UNINITIALIZED_AUTOS = YES_AGGRESSIVE;
				GCC_WARN_UNUSED_FUNCTION = YES;
				GCC_WARN_UNUSED_VARIABLE = YES;
				IPHONEOS_DEPLOYMENT_TARGET = 17.0;
				LOCALIZATION_PREFERS_STRING_CATALOGS = YES;
				MTL_ENABLE_DEBUG_INFO = NO;
				MTL_FAST_MATH = YES;
				SDKROOT = iphoneos;
				SWIFT_COMPILATION_MODE = wholemodule;
				VALIDATE_PRODUCT = YES;
			};
			name = Release;
		};
		CE30321A2B1B185A001B2F67 /* Debug */ = {
			isa = XCBuildConfiguration;
			buildSettings = {
				ASSETCATALOG_COMPILER_APPICON_NAME = AppIcon;
				ASSETCATALOG_COMPILER_GLOBAL_ACCENT_COLOR_NAME = AccentColor;
				CODE_SIGN_STYLE = Automatic;
				CURRENT_PROJECT_VERSION = 1;
				DEVELOPMENT_ASSET_PATHS = "\"NavigationApp/Preview Content\"";
				DEVELOPMENT_TEAM = H83TSUZGC5;
				ENABLE_PREVIEWS = YES;
				GENERATE_INFOPLIST_FILE = YES;
				INFOPLIST_KEY_UIApplicationSceneManifest_Generation = YES;
				INFOPLIST_KEY_UIApplicationSupportsIndirectInputEvents = YES;
				INFOPLIST_KEY_UILaunchScreen_Generation = YES;
				INFOPLIST_KEY_UISupportedInterfaceOrientations_iPad = "UIInterfaceOrientationPortrait UIInterfaceOrientationPortraitUpsideDown UIInterfaceOrientationLandscapeLeft UIInterfaceOrientationLandscapeRight";
				INFOPLIST_KEY_UISupportedInterfaceOrientations_iPhone = "UIInterfaceOrientationPortrait UIInterfaceOrientationLandscapeLeft UIInterfaceOrientationLandscapeRight";
				LD_RUNPATH_SEARCH_PATHS = (
					"$(inherited)",
					"@executable_path/Frameworks",
				);
				MARKETING_VERSION = 1.0;
				PRODUCT_BUNDLE_IDENTIFIER = com.ankit.NavigationApp;
				PRODUCT_NAME = "$(TARGET_NAME)";
				SWIFT_EMIT_LOC_STRINGS = YES;
				SWIFT_VERSION = 5.0;
				TARGETED_DEVICE_FAMILY = "1,2";
			};
			name = Debug;
		};
		CE30321B2B1B185A001B2F67 /* Release */ = {
			isa = XCBuildConfiguration;
			buildSettings = {
				ASSETCATALOG_COMPILER_APPICON_NAME = AppIcon;
				ASSETCATALOG_COMPILER_GLOBAL_ACCENT_COLOR_NAME = AccentColor;
				CODE_SIGN_STYLE = Automatic;
				CURRENT_PROJECT_VERSION = 1;
				DEVELOPMENT_ASSET_PATHS = "\"NavigationApp/Preview Content\"";
				DEVELOPMENT_TEAM = H83TSUZGC5;
				ENABLE_PREVIEWS = YES;
				GENERATE_INFOPLIST_FILE = YES;
				INFOPLIST_KEY_UIApplicationSceneManifest_Generation = YES;
				INFOPLIST_KEY_UIApplicationSupportsIndirectInputEvents = YES;
				INFOPLIST_KEY_UILaunchScreen_Generation = YES;
				INFOPLIST_KEY_UISupportedInterfaceOrientations_iPad = "UIInterfaceOrientationPortrait UIInterfaceOrientationPortraitUpsideDown UIInterfaceOrientationLandscapeLeft UIInterfaceOrientationLandscapeRight";
				INFOPLIST_KEY_UISupportedInterfaceOrientations_iPhone = "UIInterfaceOrientationPortrait UIInterfaceOrientationLandscapeLeft UIInterfaceOrientationLandscapeRight";
				LD_RUNPATH_SEARCH_PATHS = (
					"$(inherited)",
					"@executable_path/Frameworks",
				);
				MARKETING_VERSION = 1.0;
				PRODUCT_BUNDLE_IDENTIFIER = com.ankit.NavigationApp;
				PRODUCT_NAME = "$(TARGET_NAME)";
				SWIFT_EMIT_LOC_STRINGS = YES;
				SWIFT_VERSION = 5.0;
				TARGETED_DEVICE_FAMILY = "1,2";
			};
			name = Release;
		};
/* End XCBuildConfiguration section */

/* Begin XCConfigurationList section */
		CE3032062B1B1856001B2F67 /* Build configuration list for PBXProject "NavigationApp" */ = {
			isa = XCConfigurationList;
			buildConfigurations = (
				CE3032172B1B185A001B2F67 /* Debug */,
				CE3032182B1B185A001B2F67 /* Release */,
			);
			defaultConfigurationIsVisible = 0;
			defaultConfigurationName = Release;
		};
		CE3032192B1B185A001B2F67 /* Build configuration list for PBXNativeTarget "NavigationApp" */ = {
			isa = XCConfigurationList;
			buildConfigurations = (
				CE30321A2B1B185A001B2F67 /* Debug */,
				CE30321B2B1B185A001B2F67 /* Release */,
			);
			defaultConfigurationIsVisible = 0;
			defaultConfigurationName = Release;
		};
/* End XCConfigurationList section */
	};
	rootObject = CE3032032B1B1856001B2F67 /* Project object */;
}
